// !$*UTF8*$!
{
	archiveVersion = 1;
	classes = {
	};
	objectVersion = 51;
	objects = {

/* Begin PBXBuildFile section */
		3B3046B023F12A3F0006AF3D /* InitialViewController.swift in Sources */ = {isa = PBXBuildFile; fileRef = 3B3046AF23F12A3F0006AF3D /* InitialViewController.swift */; };
		3B3046B223F12AC80006AF3D /* VRViewController.swift in Sources */ = {isa = PBXBuildFile; fileRef = 3B3046B123F12AC80006AF3D /* VRViewController.swift */; };
		3B3046B423F12B0D0006AF3D /* MenuViewController.swift in Sources */ = {isa = PBXBuildFile; fileRef = 3B3046B323F12B0D0006AF3D /* MenuViewController.swift */; };
		3B35452623E94D35006EAEDD /* InputManager.swift in Sources */ = {isa = PBXBuildFile; fileRef = 3B35452523E94D35006EAEDD /* InputManager.swift */; };
		3B35452823E95CA1006EAEDD /* NetworkManager.swift in Sources */ = {isa = PBXBuildFile; fileRef = 3B35452723E95CA1006EAEDD /* NetworkManager.swift */; };
		3BEB26A923E375FE0077DA95 /* AppDelegate.swift in Sources */ = {isa = PBXBuildFile; fileRef = 3BEB26A823E375FE0077DA95 /* AppDelegate.swift */; };
		3BEB26AB23E375FE0077DA95 /* ViewController.swift in Sources */ = {isa = PBXBuildFile; fileRef = 3BEB26AA23E375FE0077DA95 /* ViewController.swift */; };
		3BEB26AE23E375FE0077DA95 /* Main.storyboard in Resources */ = {isa = PBXBuildFile; fileRef = 3BEB26AC23E375FE0077DA95 /* Main.storyboard */; };
		3BEB26B023E375FF0077DA95 /* Assets.xcassets in Resources */ = {isa = PBXBuildFile; fileRef = 3BEB26AF23E375FF0077DA95 /* Assets.xcassets */; };
		3BEB26B323E375FF0077DA95 /* LaunchScreen.storyboard in Resources */ = {isa = PBXBuildFile; fileRef = 3BEB26B123E375FF0077DA95 /* LaunchScreen.storyboard */; };
		D5D25C2D1759FA6670A10EC2 /* Pods_RADCompanionApp.framework in Frameworks */ = {isa = PBXBuildFile; fileRef = 31B4240F63D817CE77DABF7B /* Pods_RADCompanionApp.framework */; };
/* End PBXBuildFile section */

/* Begin PBXFileReference section */
		31B4240F63D817CE77DABF7B /* Pods_RADCompanionApp.framework */ = {isa = PBXFileReference; explicitFileType = wrapper.framework; includeInIndex = 0; path = Pods_RADCompanionApp.framework; sourceTree = BUILT_PRODUCTS_DIR; };
		3B3046AF23F12A3F0006AF3D /* InitialViewController.swift */ = {isa = PBXFileReference; lastKnownFileType = sourcecode.swift; path = InitialViewController.swift; sourceTree = "<group>"; };
		3B3046B123F12AC80006AF3D /* VRViewController.swift */ = {isa = PBXFileReference; lastKnownFileType = sourcecode.swift; path = VRViewController.swift; sourceTree = "<group>"; };
		3B3046B323F12B0D0006AF3D /* MenuViewController.swift */ = {isa = PBXFileReference; lastKnownFileType = sourcecode.swift; path = MenuViewController.swift; sourceTree = "<group>"; };
		3B35452523E94D35006EAEDD /* InputManager.swift */ = {isa = PBXFileReference; lastKnownFileType = sourcecode.swift; path = InputManager.swift; sourceTree = "<group>"; };
		3B35452723E95CA1006EAEDD /* NetworkManager.swift */ = {isa = PBXFileReference; lastKnownFileType = sourcecode.swift; path = NetworkManager.swift; sourceTree = "<group>"; };
		3BEB26A523E375FE0077DA95 /* RADCompanionApp.app */ = {isa = PBXFileReference; explicitFileType = wrapper.application; includeInIndex = 0; path = RADCompanionApp.app; sourceTree = BUILT_PRODUCTS_DIR; };
		3BEB26A823E375FE0077DA95 /* AppDelegate.swift */ = {isa = PBXFileReference; lastKnownFileType = sourcecode.swift; path = AppDelegate.swift; sourceTree = "<group>"; };
		3BEB26AA23E375FE0077DA95 /* ViewController.swift */ = {isa = PBXFileReference; lastKnownFileType = sourcecode.swift; path = ViewController.swift; sourceTree = "<group>"; };
		3BEB26AD23E375FE0077DA95 /* Base */ = {isa = PBXFileReference; lastKnownFileType = file.storyboard; name = Base; path = Base.lproj/Main.storyboard; sourceTree = "<group>"; };
		3BEB26AF23E375FF0077DA95 /* Assets.xcassets */ = {isa = PBXFileReference; lastKnownFileType = folder.assetcatalog; path = Assets.xcassets; sourceTree = "<group>"; };
		3BEB26B223E375FF0077DA95 /* Base */ = {isa = PBXFileReference; lastKnownFileType = file.storyboard; name = Base; path = Base.lproj/LaunchScreen.storyboard; sourceTree = "<group>"; };
		3BEB26B423E375FF0077DA95 /* Info.plist */ = {isa = PBXFileReference; lastKnownFileType = text.plist.xml; path = Info.plist; sourceTree = "<group>"; };
		4E7820A92F08219CE24E920A /* Pods-RADCompanionApp.debug.xcconfig */ = {isa = PBXFileReference; includeInIndex = 1; lastKnownFileType = text.xcconfig; name = "Pods-RADCompanionApp.debug.xcconfig"; path = "Target Support Files/Pods-RADCompanionApp/Pods-RADCompanionApp.debug.xcconfig"; sourceTree = "<group>"; };
		93A8BD0AE8D50FBED1A6E674 /* Pods-RADCompanionApp.release.xcconfig */ = {isa = PBXFileReference; includeInIndex = 1; lastKnownFileType = text.xcconfig; name = "Pods-RADCompanionApp.release.xcconfig"; path = "Target Support Files/Pods-RADCompanionApp/Pods-RADCompanionApp.release.xcconfig"; sourceTree = "<group>"; };
/* End PBXFileReference section */

/* Begin PBXFrameworksBuildPhase section */
		3BEB26A223E375FE0077DA95 /* Frameworks */ = {
			isa = PBXFrameworksBuildPhase;
			buildActionMask = 2147483647;
			files = (
				D5D25C2D1759FA6670A10EC2 /* Pods_RADCompanionApp.framework in Frameworks */,
			);
			runOnlyForDeploymentPostprocessing = 0;
		};
/* End PBXFrameworksBuildPhase section */

/* Begin PBXGroup section */
		347DBDCF61028E00A6D5BF8A /* Frameworks */ = {
			isa = PBXGroup;
			children = (
				31B4240F63D817CE77DABF7B /* Pods_RADCompanionApp.framework */,
			);
			name = Frameworks;
			sourceTree = "<group>";
		};
		3BEB269C23E375FE0077DA95 = {
			isa = PBXGroup;
			children = (
				3BEB26A723E375FE0077DA95 /* RADCompanionApp */,
				3BEB26A623E375FE0077DA95 /* Products */,
				89F2D2E7F575ED932B55E62B /* Pods */,
				347DBDCF61028E00A6D5BF8A /* Frameworks */,
			);
			sourceTree = "<group>";
		};
		3BEB26A623E375FE0077DA95 /* Products */ = {
			isa = PBXGroup;
			children = (
				3BEB26A523E375FE0077DA95 /* RADCompanionApp.app */,
			);
			name = Products;
			sourceTree = "<group>";
		};
		3BEB26A723E375FE0077DA95 /* RADCompanionApp */ = {
			isa = PBXGroup;
			children = (
				3BEB26A823E375FE0077DA95 /* AppDelegate.swift */,
				3BEB26AA23E375FE0077DA95 /* ViewController.swift */,
				3BEB26AC23E375FE0077DA95 /* Main.storyboard */,
				3BEB26AF23E375FF0077DA95 /* Assets.xcassets */,
				3BEB26B123E375FF0077DA95 /* LaunchScreen.storyboard */,
				3BEB26B423E375FF0077DA95 /* Info.plist */,
				3B35452523E94D35006EAEDD /* InputManager.swift */,
				3B35452723E95CA1006EAEDD /* NetworkManager.swift */,
				3B3046AF23F12A3F0006AF3D /* InitialViewController.swift */,
				3B3046B123F12AC80006AF3D /* VRViewController.swift */,
				3B3046B323F12B0D0006AF3D /* MenuViewController.swift */,
			);
			path = RADCompanionApp;
			sourceTree = "<group>";
		};
		89F2D2E7F575ED932B55E62B /* Pods */ = {
			isa = PBXGroup;
			children = (
				4E7820A92F08219CE24E920A /* Pods-RADCompanionApp.debug.xcconfig */,
				93A8BD0AE8D50FBED1A6E674 /* Pods-RADCompanionApp.release.xcconfig */,
			);
			path = Pods;
			sourceTree = "<group>";
		};
/* End PBXGroup section */

/* Begin PBXNativeTarget section */
		3BEB26A423E375FE0077DA95 /* RADCompanionApp */ = {
			isa = PBXNativeTarget;
			buildConfigurationList = 3BEB26B723E375FF0077DA95 /* Build configuration list for PBXNativeTarget "RADCompanionApp" */;
			buildPhases = (
				0EE4005715B8EE3491BAF8AC /* [CP] Check Pods Manifest.lock */,
				3BEB26A123E375FE0077DA95 /* Sources */,
				3BEB26A223E375FE0077DA95 /* Frameworks */,
				3BEB26A323E375FE0077DA95 /* Resources */,
				236171FF32E0D6AC77275CB1 /* [CP] Embed Pods Frameworks */,
			);
			buildRules = (
			);
			dependencies = (
			);
			name = RADCompanionApp;
			productName = RADCompanionApp;
			productReference = 3BEB26A523E375FE0077DA95 /* RADCompanionApp.app */;
			productType = "com.apple.product-type.application";
		};
/* End PBXNativeTarget section */

/* Begin PBXProject section */
		3BEB269D23E375FE0077DA95 /* Project object */ = {
			isa = PBXProject;
			attributes = {
				LastSwiftUpdateCheck = 1000;
				LastUpgradeCheck = 1000;
				ORGANIZATIONNAME = Personal;
				TargetAttributes = {
					3BEB26A423E375FE0077DA95 = {
						CreatedOnToolsVersion = 10.0;
					};
				};
			};
			buildConfigurationList = 3BEB26A023E375FE0077DA95 /* Build configuration list for PBXProject "RADCompanionApp" */;
			compatibilityVersion = "Xcode 9.3";
			developmentRegion = en;
			hasScannedForEncodings = 0;
			knownRegions = (
				en,
				Base,
			);
			mainGroup = 3BEB269C23E375FE0077DA95;
			productRefGroup = 3BEB26A623E375FE0077DA95 /* Products */;
			projectDirPath = "";
			projectRoot = "";
			targets = (
				3BEB26A423E375FE0077DA95 /* RADCompanionApp */,
			);
		};
/* End PBXProject section */

/* Begin PBXResourcesBuildPhase section */
		3BEB26A323E375FE0077DA95 /* Resources */ = {
			isa = PBXResourcesBuildPhase;
			buildActionMask = 2147483647;
			files = (
				3BEB26B323E375FF0077DA95 /* LaunchScreen.storyboard in Resources */,
				3BEB26B023E375FF0077DA95 /* Assets.xcassets in Resources */,
				3BEB26AE23E375FE0077DA95 /* Main.storyboard in Resources */,
			);
			runOnlyForDeploymentPostprocessing = 0;
		};
/* End PBXResourcesBuildPhase section */

/* Begin PBXShellScriptBuildPhase section */
		0EE4005715B8EE3491BAF8AC /* [CP] Check Pods Manifest.lock */ = {
			isa = PBXShellScriptBuildPhase;
			buildActionMask = 2147483647;
			files = (
			);
			inputFileListPaths = (
			);
			inputPaths = (
				"${PODS_PODFILE_DIR_PATH}/Podfile.lock",
				"${PODS_ROOT}/Manifest.lock",
			);
			name = "[CP] Check Pods Manifest.lock";
			outputFileListPaths = (
			);
			outputPaths = (
				"$(DERIVED_FILE_DIR)/Pods-RADCompanionApp-checkManifestLockResult.txt",
			);
			runOnlyForDeploymentPostprocessing = 0;
			shellPath = /bin/sh;
			shellScript = "diff \"${PODS_PODFILE_DIR_PATH}/Podfile.lock\" \"${PODS_ROOT}/Manifest.lock\" > /dev/null\nif [ $? != 0 ] ; then\n    # print error to STDERR\n    echo \"error: The sandbox is not in sync with the Podfile.lock. Run 'pod install' or update your CocoaPods installation.\" >&2\n    exit 1\nfi\n# This output is used by Xcode 'outputs' to avoid re-running this script phase.\necho \"SUCCESS\" > \"${SCRIPT_OUTPUT_FILE_0}\"\n";
			showEnvVarsInLog = 0;
		};
		236171FF32E0D6AC77275CB1 /* [CP] Embed Pods Frameworks */ = {
			isa = PBXShellScriptBuildPhase;
			buildActionMask = 2147483647;
			files = (
			);
			inputFileListPaths = (
				"${PODS_ROOT}/Target Support Files/Pods-RADCompanionApp/Pods-RADCompanionApp-frameworks-${CONFIGURATION}-input-files.xcfilelist",
			);
			name = "[CP] Embed Pods Frameworks";
			outputFileListPaths = (
				"${PODS_ROOT}/Target Support Files/Pods-RADCompanionApp/Pods-RADCompanionApp-frameworks-${CONFIGURATION}-output-files.xcfilelist",
			);
			runOnlyForDeploymentPostprocessing = 0;
			shellPath = /bin/sh;
			shellScript = "\"${PODS_ROOT}/Target Support Files/Pods-RADCompanionApp/Pods-RADCompanionApp-frameworks.sh\"\n";
			showEnvVarsInLog = 0;
		};
/* End PBXShellScriptBuildPhase section */

/* Begin PBXSourcesBuildPhase section */
		3BEB26A123E375FE0077DA95 /* Sources */ = {
			isa = PBXSourcesBuildPhase;
			buildActionMask = 2147483647;
			files = (
				3B3046B023F12A3F0006AF3D /* InitialViewController.swift in Sources */,
				3B35452823E95CA1006EAEDD /* NetworkManager.swift in Sources */,
				3B3046B223F12AC80006AF3D /* VRViewController.swift in Sources */,
				3B3046B423F12B0D0006AF3D /* MenuViewController.swift in Sources */,
				3B35452623E94D35006EAEDD /* InputManager.swift in Sources */,
				3BEB26AB23E375FE0077DA95 /* ViewController.swift in Sources */,
				3BEB26A923E375FE0077DA95 /* AppDelegate.swift in Sources */,
			);
			runOnlyForDeploymentPostprocessing = 0;
		};
/* End PBXSourcesBuildPhase section */

/* Begin PBXVariantGroup section */
		3BEB26AC23E375FE0077DA95 /* Main.storyboard */ = {
			isa = PBXVariantGroup;
			children = (
				3BEB26AD23E375FE0077DA95 /* Base */,
			);
			name = Main.storyboard;
			sourceTree = "<group>";
		};
		3BEB26B123E375FF0077DA95 /* LaunchScreen.storyboard */ = {
			isa = PBXVariantGroup;
			children = (
				3BEB26B223E375FF0077DA95 /* Base */,
			);
			name = LaunchScreen.storyboard;
			sourceTree = "<group>";
		};
/* End PBXVariantGroup section */

/* Begin XCBuildConfiguration section */
		3BEB26B523E375FF0077DA95 /* Debug */ = {
			isa = XCBuildConfiguration;
			buildSettings = {
				ALWAYS_SEARCH_USER_PATHS = NO;
				CLANG_ANALYZER_NONNULL = YES;
				CLANG_ANALYZER_NUMBER_OBJECT_CONVERSION = YES_AGGRESSIVE;
				CLANG_CXX_LANGUAGE_STANDARD = "gnu++14";
				CLANG_CXX_LIBRARY = "libc++";
				CLANG_ENABLE_MODULES = YES;
				CLANG_ENABLE_OBJC_ARC = YES;
				CLANG_ENABLE_OBJC_WEAK = YES;
				CLANG_WARN_BLOCK_CAPTURE_AUTORELEASING = YES;
				CLANG_WARN_BOOL_CONVERSION = YES;
				CLANG_WARN_COMMA = YES;
				CLANG_WARN_CONSTANT_CONVERSION = YES;
				CLANG_WARN_DEPRECATED_OBJC_IMPLEMENTATIONS = YES;
				CLANG_WARN_DIRECT_OBJC_ISA_USAGE = YES_ERROR;
				CLANG_WARN_DOCUMENTATION_COMMENTS = YES;
				CLANG_WARN_EMPTY_BODY = YES;
				CLANG_WARN_ENUM_CONVERSION = YES;
				CLANG_WARN_INFINITE_RECURSION = YES;
				CLANG_WARN_INT_CONVERSION = YES;
				CLANG_WARN_NON_LITERAL_NULL_CONVERSION = YES;
				CLANG_WARN_OBJC_IMPLICIT_RETAIN_SELF = YES;
				CLANG_WARN_OBJC_LITERAL_CONVERSION = YES;
				CLANG_WARN_OBJC_ROOT_CLASS = YES_ERROR;
				CLANG_WARN_RANGE_LOOP_ANALYSIS = YES;
				CLANG_WARN_STRICT_PROTOTYPES = YES;
				CLANG_WARN_SUSPICIOUS_MOVE = YES;
				CLANG_WARN_UNGUARDED_AVAILABILITY = YES_AGGRESSIVE;
				CLANG_WARN_UNREACHABLE_CODE = YES;
				CLANG_WARN__DUPLICATE_METHOD_MATCH = YES;
				CODE_SIGN_IDENTITY = "iPhone Developer";
				COPY_PHASE_STRIP = NO;
				DEBUG_INFORMATION_FORMAT = dwarf;
				ENABLE_STRICT_OBJC_MSGSEND = YES;
				ENABLE_TESTABILITY = YES;
				GCC_C_LANGUAGE_STANDARD = gnu11;
				GCC_DYNAMIC_NO_PIC = NO;
				GCC_NO_COMMON_BLOCKS = YES;
				GCC_OPTIMIZATION_LEVEL = 0;
				GCC_PREPROCESSOR_DEFINITIONS = (
					"DEBUG=1",
					"$(inherited)",
				);
				GCC_WARN_64_TO_32_BIT_CONVERSION = YES;
				GCC_WARN_ABOUT_RETURN_TYPE = YES_ERROR;
				GCC_WARN_UNDECLARED_SELECTOR = YES;
				GCC_WARN_UNINITIALIZED_AUTOS = YES_AGGRESSIVE;
				GCC_WARN_UNUSED_FUNCTION = YES;
				GCC_WARN_UNUSED_VARIABLE = YES;
				IPHONEOS_DEPLOYMENT_TARGET = 12.0;
				MTL_ENABLE_DEBUG_INFO = INCLUDE_SOURCE;
				MTL_FAST_MATH = YES;
				ONLY_ACTIVE_ARCH = YES;
				SDKROOT = iphoneos;
				SWIFT_ACTIVE_COMPILATION_CONDITIONS = DEBUG;
				SWIFT_OPTIMIZATION_LEVEL = "-Onone";
			};
			name = Debug;
		};
		3BEB26B623E375FF0077DA95 /* Release */ = {
			isa = XCBuildConfiguration;
			buildSettings = {
				ALWAYS_SEARCH_USER_PATHS = NO;
				CLANG_ANALYZER_NONNULL = YES;
				CLANG_ANALYZER_NUMBER_OBJECT_CONVERSION = YES_AGGRESSIVE;
				CLANG_CXX_LANGUAGE_STANDARD = "gnu++14";
				CLANG_CXX_LIBRARY = "libc++";
				CLANG_ENABLE_MODULES = YES;
				CLANG_ENABLE_OBJC_ARC = YES;
				CLANG_ENABLE_OBJC_WEAK = YES;
				CLANG_WARN_BLOCK_CAPTURE_AUTORELEASING = YES;
				CLANG_WARN_BOOL_CONVERSION = YES;
				CLANG_WARN_COMMA = YES;
				CLANG_WARN_CONSTANT_CONVERSION = YES;
				CLANG_WARN_DEPRECATED_OBJC_IMPLEMENTATIONS = YES;
				CLANG_WARN_DIRECT_OBJC_ISA_USAGE = YES_ERROR;
				CLANG_WARN_DOCUMENTATION_COMMENTS = YES;
				CLANG_WARN_EMPTY_BODY = YES;
				CLANG_WARN_ENUM_CONVERSION = YES;
				CLANG_WARN_INFINITE_RECURSION = YES;
				CLANG_WARN_INT_CONVERSION = YES;
				CLANG_WARN_NON_LITERAL_NULL_CONVERSION = YES;
				CLANG_WARN_OBJC_IMPLICIT_RETAIN_SELF = YES;
				CLANG_WARN_OBJC_LITERAL_CONVERSION = YES;
				CLANG_WARN_OBJC_ROOT_CLASS = YES_ERROR;
				CLANG_WARN_RANGE_LOOP_ANALYSIS = YES;
				CLANG_WARN_STRICT_PROTOTYPES = YES;
				CLANG_WARN_SUSPICIOUS_MOVE = YES;
				CLANG_WARN_UNGUARDED_AVAILABILITY = YES_AGGRESSIVE;
				CLANG_WARN_UNREACHABLE_CODE = YES;
				CLANG_WARN__DUPLICATE_METHOD_MATCH = YES;
				CODE_SIGN_IDENTITY = "iPhone Developer";
				COPY_PHASE_STRIP = NO;
				DEBUG_INFORMATION_FORMAT = "dwarf-with-dsym";
				ENABLE_NS_ASSERTIONS = NO;
				ENABLE_STRICT_OBJC_MSGSEND = YES;
				GCC_C_LANGUAGE_STANDARD = gnu11;
				GCC_NO_COMMON_BLOCKS = YES;
				GCC_WARN_64_TO_32_BIT_CONVERSION = YES;
				GCC_WARN_ABOUT_RETURN_TYPE = YES_ERROR;
				GCC_WARN_UNDECLARED_SELECTOR = YES;
				GCC_WARN_UNINITIALIZED_AUTOS = YES_AGGRESSIVE;
				GCC_WARN_UNUSED_FUNCTION = YES;
				GCC_WARN_UNUSED_VARIABLE = YES;
				IPHONEOS_DEPLOYMENT_TARGET = 12.0;
				MTL_ENABLE_DEBUG_INFO = NO;
				MTL_FAST_MATH = YES;
				SDKROOT = iphoneos;
				SWIFT_COMPILATION_MODE = wholemodule;
				SWIFT_OPTIMIZATION_LEVEL = "-O";
				VALIDATE_PRODUCT = YES;
			};
			name = Release;
		};
		3BEB26B823E375FF0077DA95 /* Debug */ = {
			isa = XCBuildConfiguration;
			baseConfigurationReference = 4E7820A92F08219CE24E920A /* Pods-RADCompanionApp.debug.xcconfig */;
			buildSettings = {
				ASSETCATALOG_COMPILER_APPICON_NAME = AppIcon;
				CODE_SIGN_STYLE = Automatic;
				DEVELOPMENT_TEAM = 782W82U4E4;
				INFOPLIST_FILE = RADCompanionApp/Info.plist;
				LD_RUNPATH_SEARCH_PATHS = (
					"$(inherited)",
					"@executable_path/Frameworks",
				);
				PRODUCT_BUNDLE_IDENTIFIER = JurielGarcia.RADCompanionApp;
				PRODUCT_NAME = "$(TARGET_NAME)";
				SWIFT_VERSION = 4.2;
				TARGETED_DEVICE_FAMILY = "1,2";
			};
			name = Debug;
		};
		3BEB26B923E375FF0077DA95 /* Release */ = {
			isa = XCBuildConfiguration;
			baseConfigurationReference = 93A8BD0AE8D50FBED1A6E674 /* Pods-RADCompanionApp.release.xcconfig */;
			buildSettings = {
				ASSETCATALOG_COMPILER_APPICON_NAME = AppIcon;
				CODE_SIGN_STYLE = Automatic;
				DEVELOPMENT_TEAM = 782W82U4E4;
				INFOPLIST_FILE = RADCompanionApp/Info.plist;
				LD_RUNPATH_SEARCH_PATHS = (
					"$(inherited)",
					"@executable_path/Frameworks",
				);
				PRODUCT_BUNDLE_IDENTIFIER = JurielGarcia.RADCompanionApp;
				PRODUCT_NAME = "$(TARGET_NAME)";
				SWIFT_VERSION = 4.2;
				TARGETED_DEVICE_FAMILY = "1,2";
			};
			name = Release;
		};
/* End XCBuildConfiguration section */

/* Begin XCConfigurationList section */
		3BEB26A023E375FE0077DA95 /* Build configuration list for PBXProject "RADCompanionApp" */ = {
			isa = XCConfigurationList;
			buildConfigurations = (
				3BEB26B523E375FF0077DA95 /* Debug */,
				3BEB26B623E375FF0077DA95 /* Release */,
			);
			defaultConfigurationIsVisible = 0;
			defaultConfigurationName = Release;
		};
		3BEB26B723E375FF0077DA95 /* Build configuration list for PBXNativeTarget "RADCompanionApp" */ = {
			isa = XCConfigurationList;
			buildConfigurations = (
				3BEB26B823E375FF0077DA95 /* Debug */,
				3BEB26B923E375FF0077DA95 /* Release */,
			);
			defaultConfigurationIsVisible = 0;
			defaultConfigurationName = Release;
		};
/* End XCConfigurationList section */
	};
	rootObject = 3BEB269D23E375FE0077DA95 /* Project object */;
}
